<?xml version="1.0" encoding="utf-8"?>
<Project ToolsVersion="4.0" xmlns="http://schemas.microsoft.com/developer/msbuild/2003">
  <ItemGroup>
    <Filter Include="Source Files">
      <UniqueIdentifier>{4FC737F1-C7A5-4376-A066-2A32D752A2FF}</UniqueIdentifier>
      <Extensions>cpp;c;cc;cxx;def;odl;idl;hpj;bat;asm;asmx</Extensions>
    </Filter>
    <Filter Include="Header Files">
      <UniqueIdentifier>{93995380-89BD-4b04-88EB-625FBE52EBFB}</UniqueIdentifier>
      <Extensions>h;hpp;hxx;hm;inl;inc;xsd</Extensions>
    </Filter>
    <Filter Include="Resource Files">
      <UniqueIdentifier>{67DA6AB6-F800-4c08-8B7A-83BB121AAD01}</UniqueIdentifier>
      <Extensions>rc;ico;cur;bmp;dlg;rc2;rct;bin;rgs;gif;jpg;jpeg;jpe;resx;tiff;tif;png;wav;mfcribbon-ms</Extensions>
    </Filter>
  </ItemGroup>
  <ItemGroup>
    <None Include="BalBot.ino" />
  </ItemGroup>
  <ItemGroup>
    <ClInclude Include="Visual Micro\.BalBot.vsarduino.h">
      <Filter>Header Files</Filter>
    </ClInclude>
    <ClInclude Include="..\..\Arduino - AS6\ScoeComms\AnalogGyroDefinition.h">
      <Filter>Header Files</Filter>
    </ClInclude>
    <ClInclude Include="..\..\Arduino - AS6\ScoeComms\AnalogGyroSection.h">
      <Filter>Header Files</Filter>
    </ClInclude>
    <ClInclude Include="..\..\Arduino - AS6\ScoeComms\AnalogIODefinition.h">
      <Filter>Header Files</Filter>
    </ClInclude>
    <ClInclude Include="..\..\Arduino - AS6\ScoeComms\AnalogIOSection.h">
      <Filter>Header Files</Filter>
    </ClInclude>
    <ClInclude Include="..\..\Arduino - AS6\ScoeComms\BitField8.h">
      <Filter>Header Files</Filter>
    </ClInclude>
    <ClInclude Include="..\..\Arduino - AS6\ScoeComms\BitField16.h">
      <Filter>Header Files</Filter>
    </ClInclude>
    <ClInclude Include="..\..\Arduino - AS6\ScoeComms\ByteReader.h">
      <Filter>Header Files</Filter>
    </ClInclude>
    <ClInclude Include="..\..\Arduino - AS6\ScoeComms\ByteWriter.h">
      <Filter>Header Files</Filter>
    </ClInclude>
    <ClInclude Include="..\..\Arduino - AS6\ScoeComms\CRC32.h">
      <Filter>Header Files</Filter>
    </ClInclude>
    <ClInclude Include="..\..\Arduino - AS6\ScoeComms\DioSection.h">
      <Filter>Header Files</Filter>
    </ClInclude>
    <ClInclude Include="..\..\Arduino - AS6\ScoeComms\DutyCycleDefinition.h">
      <Filter>Header Files</Filter>
    </ClInclude>
    <ClInclude Include="..\..\Arduino - AS6\ScoeComms\DutyCycleModelSection.h">
      <Filter>Header Files</Filter>
    </ClInclude>
    <ClInclude Include="..\..\Arduino - AS6\ScoeComms\EchoSection.h">
      <Filter>Header Files</Filter>
    </ClInclude>
    <ClInclude Include="..\..\Arduino - AS6\ScoeComms\EncoderDefinition.h">
      <Filter>Header Files</Filter>
    </ClInclude>
    <ClInclude Include="..\..\Arduino - AS6\ScoeComms\EncoderModelSection.h">
      <Filter>Header Files</Filter>
    </ClInclude>
    <ClInclude Include="..\..\Arduino - AS6\ScoeComms\PwmDefinition.h">
      <Filter>Header Files</Filter>
    </ClInclude>
    <ClInclude Include="..\..\Arduino - AS6\ScoeComms\PwmModelSection.h">
      <Filter>Header Files</Filter>
    </ClInclude>
    <ClInclude Include="..\..\Arduino - AS6\ScoeComms\RobotModel.h">
      <Filter>Header Files</Filter>
    </ClInclude>
    <ClInclude Include="..\..\Arduino - AS6\ScoeComms\RobotModelSection.h">
      <Filter>Header Files</Filter>
    </ClInclude>
    <ClInclude Include="..\..\Arduino - AS6\ScoeComms\RslModelSection.h">
      <Filter>Header Files</Filter>
    </ClInclude>
    <ClInclude Include="..\..\Arduino - AS6\ScoeComms\ScoeComms.h">
      <Filter>Header Files</Filter>
    </ClInclude>
    <ClInclude Include="..\..\Arduino - AS6\BalBot\Accelerometer.h">
      <Filter>Header Files</Filter>
    </ClInclude>
    <ClInclude Include="..\..\Arduino - AS6\BalBot\BalanceSection.h">
      <Filter>Header Files</Filter>
    </ClInclude>
    <ClInclude Include="..\..\Arduino - AS6\BalBot\BalBot.h">
      <Filter>Header Files</Filter>
    </ClInclude>
    <ClInclude Include="..\..\Arduino - AS6\BalBot\Gyro.h">
      <Filter>Header Files</Filter>
    </ClInclude>
    <ClInclude Include="..\..\Arduino - AS6\BalBot\PID.h">
      <Filter>Header Files</Filter>
    </ClInclude>
    <ClInclude Include="..\..\Arduino - AS6\BalBot\SimpleAngleThing.h">
      <Filter>Header Files</Filter>
    </ClInclude>
    <ClInclude Include="..\..\Arduino - AS6\BalBot\utils.h">
      <Filter>Header Files</Filter>
    </ClInclude>
  </ItemGroup>
  <ItemGroup>
    <ClCompile Include="..\..\Arduino - AS6\ScoeComms\AnalogGyroDefinition.cpp">
      <Filter>Source Files</Filter>
    </ClCompile>
    <ClCompile Include="..\..\Arduino - AS6\ScoeComms\AnalogGyroSection.cpp">
      <Filter>Source Files</Filter>
    </ClCompile>
    <ClCompile Include="..\..\Arduino - AS6\ScoeComms\AnalogIODefinition.cpp">
      <Filter>Source Files</Filter>
    </ClCompile>
    <ClCompile Include="..\..\Arduino - AS6\ScoeComms\AnalogIOSection.cpp">
      <Filter>Source Files</Filter>
    </ClCompile>
    <ClCompile Include="..\..\Arduino - AS6\ScoeComms\BitField8.cpp">
      <Filter>Source Files</Filter>
    </ClCompile>
    <ClCompile Include="..\..\Arduino - AS6\ScoeComms\BitField16.cpp">
      <Filter>Source Files</Filter>
    </ClCompile>
    <ClCompile Include="..\..\Arduino - AS6\ScoeComms\ByteReader.cpp">
      <Filter>Source Files</Filter>
    </ClCompile>
    <ClCompile Include="..\..\Arduino - AS6\ScoeComms\ByteWriter.cpp">
      <Filter>Source Files</Filter>
    </ClCompile>
    <ClCompile Include="..\..\Arduino - AS6\ScoeComms\CRC32.cpp">
      <Filter>Source Files</Filter>
    </ClCompile>
    <ClCompile Include="..\..\Arduino - AS6\ScoeComms\DioSection.cpp">
      <Filter>Source Files</Filter>
    </ClCompile>
    <ClCompile Include="..\..\Arduino - AS6\ScoeComms\DutyCycleDefinition.cpp">
      <Filter>Source Files</Filter>
    </ClCompile>
    <ClCompile Include="..\..\Arduino - AS6\ScoeComms\DutyCycleModelSection.cpp">
      <Filter>Source Files</Filter>
    </ClCompile>
    <ClCompile Include="..\..\Arduino - AS6\ScoeComms\EchoSection.cpp">
      <Filter>Source Files</Filter>
    </ClCompile>
    <ClCompile Include="..\..\Arduino - AS6\ScoeComms\EncoderDefinition.cpp">
      <Filter>Source Files</Filter>
    </ClCompile>
    <ClCompile Include="..\..\Arduino - AS6\ScoeComms\EncoderModelSection.cpp">
      <Filter>Source Files</Filter>
    </ClCompile>
    <ClCompile Include="..\..\Arduino - AS6\ScoeComms\PwmDefinition.cpp">
      <Filter>Source Files</Filter>
    </ClCompile>
    <ClCompile Include="..\..\Arduino - AS6\ScoeComms\PwmModelSection.cpp">
      <Filter>Source Files</Filter>
    </ClCompile>
    <ClCompile Include="..\..\Arduino - AS6\ScoeComms\RobotModel.cpp">
      <Filter>Source Files</Filter>
    </ClCompile>
    <ClCompile Include="..\..\Arduino - AS6\ScoeComms\RobotModelSection.cpp">
      <Filter>Source Files</Filter>
    </ClCompile>
    <ClCompile Include="..\..\Arduino - AS6\ScoeComms\RslModelSection.cpp">
      <Filter>Source Files</Filter>
    </ClCompile>
    <ClCompile Include="..\..\Arduino - AS6\ScoeComms\ScoeComms.cpp">
      <Filter>Source Files</Filter>
    </ClCompile>
    <ClCompile Include="..\..\Arduino - AS6\BalBot\BalBot.cpp">
      <Filter>Source Files</Filter>
    </ClCompile>
    <ClCompile Include="..\..\Arduino - AS6\BalBot\Gyro.cpp">
      <Filter>Source Files</Filter>
    </ClCompile>
    <ClCompile Include="..\..\Arduino - AS6\BalBot\main.cpp">
      <Filter>Source Files</Filter>
    </ClCompile>
    <ClCompile Include="..\..\Arduino - AS6\BalBot\PID.cpp">
      <Filter>Source Files</Filter>
    </ClCompile>
    <ClCompile Include="..\..\Arduino - AS6\BalBot\SimpleAngleThing.cpp">
      <Filter>Source Files</Filter>
    </ClCompile>
    <ClCompile Include="..\..\Arduino - AS6\BalBot\Utils.cpp">
      <Filter>Source Files</Filter>
    </ClCompile>
    <ClCompile Include="..\..\Arduino - AS6\BalBot\Accelerometer.cpp">
      <Filter>Source Files</Filter>
    </ClCompile>
  </ItemGroup>
</Project>