
Microsoft Visual Studio Solution File, Format Version 11.00
# Visual Studio 2010
Project("{2150E333-8FDC-42A3-9474-1A3956D46DE8}") = "Robots", "Robots", "{8D15E01C-CA52-41E3-B87B-6BBEF1B86D86}"
EndProject
Project("{2150E333-8FDC-42A3-9474-1A3956D46DE8}") = "DriverStation", "DriverStation", "{ECAE8670-4D1E-4093-9FDC-379EF19AF35F}"
EndProject
Project("{FAE04EC0-301F-11D3-BF4B-00C04F79EFBC}") = "EHaskins.Utilities", "EHaskins.Utilities\EHaskins.Utilities.csproj", "{A0F0A322-5372-4040-9394-EC661859A4F1}"
EndProject
Project("{FAE04EC0-301F-11D3-BF4B-00C04F79EFBC}") = "Scoe.Robot.Watchdog", "Scoe.Robot.Watchdog\Scoe.Robot.Watchdog.csproj", "{8E8EAABF-FA20-4434-854C-C71515D42278}"
EndProject
Project("{FAE04EC0-301F-11D3-BF4B-00C04F79EFBC}") = "ArduinoCommTest", "ArduinoCommTest\ArduinoCommTest.csproj", "{A8F0D923-A1EE-41E6-8542-D5103BBDB2E6}"
EndProject
Project("{FAE04EC0-301F-11D3-BF4B-00C04F79EFBC}") = "Scoe.Shared", "Scoe.Robot.Card\Scoe.Shared.csproj", "{19246D9C-3888-43A8-9435-B33EAB54C5A5}"
EndProject
Project("{2150E333-8FDC-42A3-9474-1A3956D46DE8}") = "Utilities", "Utilities", "{B26418C8-4671-4D6D-B0FE-14DF486916E3}"
EndProject
Project("{2150E333-8FDC-42A3-9474-1A3956D46DE8}") = "Test Apps", "Test Apps", "{622BDE6B-CC06-4773-9884-12A8FB1A701E}"
EndProject
Project("{2150E333-8FDC-42A3-9474-1A3956D46DE8}") = "Mecanum Demo Chassis", "Mecanum Demo Chassis", "{10CA343F-05DA-4FD4-9D53-CE483EFB9A97}"
EndProject
Project("{FAE04EC0-301F-11D3-BF4B-00C04F79EFBC}") = "Scoe.Host", "Scoe.Robot.Host\Scoe.Host.csproj", "{E9B6BD88-227D-4D20-853B-2E7F8C49358A}"
EndProject
Project("{FAE04EC0-301F-11D3-BF4B-00C04F79EFBC}") = "Scoe.Robot.MecanumDemoBot", "Scoe.Robot.Controller.MecanumDemoBot\Scoe.Robot.MecanumDemoBot.csproj", "{1B645EDA-166A-4FC1-ADCC-FE44644BDD65}"
EndProject
Project("{FAE04EC0-301F-11D3-BF4B-00C04F79EFBC}") = "Scoe.Robot.MecanumDemoBot.Host", "Scoe.Robot.Controller.Host.MecanumDemoBot\Scoe.Robot.MecanumDemoBot.Host.csproj", "{9D86A9CB-949F-45DA-8956-B59A480175BA}"
EndProject
Project("{2150E333-8FDC-42A3-9474-1A3956D46DE8}") = "Communication", "Communication", "{3E6C77CF-87F9-4F23-A658-C84BF68A4669}"
EndProject
Project("{FAE04EC0-301F-11D3-BF4B-00C04F79EFBC}") = "Scoe.DSTestConsole", "Scoe.DSTestConsole\Scoe.DSTestConsole.csproj", "{9CD54E65-2E6A-4620-BDDA-01C11E10C757}"
EndProject
Project("{FAE04EC0-301F-11D3-BF4B-00C04F79EFBC}") = "Scoe.DriverStation", "Scoe.DriverStation\Scoe.DriverStation.csproj", "{9625EB34-FEDD-410D-975E-2A25A210E435}"
EndProject
Project("{FAE04EC0-301F-11D3-BF4B-00C04F79EFBC}") = "Scoe.Vision", "Scoe.Vision\Scoe.Vision.csproj", "{51AFE99E-2BCB-40F5-821F-AAA88654C8DB}"
EndProject
Project("{2150E333-8FDC-42A3-9474-1A3956D46DE8}") = "Shared", "Shared", "{04F2F2F1-9334-4588-9256-B1EBA8358EE2}"
EndProject
Project("{FAE04EC0-301F-11D3-BF4B-00C04F79EFBC}") = "Scoe.Host.Shared", "Scoe.Controller.Host.Shared\Scoe.Host.Shared.csproj", "{2543F69A-F501-4A25-8644-A46C7C352678}"
EndProject
Project("{FAE04EC0-301F-11D3-BF4B-00C04F79EFBC}") = "Scoe.DriverStation.Input", "Scoe.DriverStation.Input\Scoe.DriverStation.Input.csproj", "{C24888C3-125A-4CE8-841E-90EB2CA1D67E}"
EndProject
Project("{FAE04EC0-301F-11D3-BF4B-00C04F79EFBC}") = "Scoe.Communication", "Scoe.Communication\Scoe.Communication.csproj", "{7D6A46F0-8432-4851-8F98-18A058F50069}"
EndProject
Global
	GlobalSection(SolutionConfigurationPlatforms) = preSolution
		Debug|Any CPU = Debug|Any CPU
		Debug|x86 = Debug|x86
		Release|Any CPU = Release|Any CPU
		Release|x86 = Release|x86
	EndGlobalSection
	GlobalSection(ProjectConfigurationPlatforms) = postSolution
		{A0F0A322-5372-4040-9394-EC661859A4F1}.Debug|Any CPU.ActiveCfg = Debug|Any CPU
		{A0F0A322-5372-4040-9394-EC661859A4F1}.Debug|Any CPU.Build.0 = Debug|Any CPU
		{A0F0A322-5372-4040-9394-EC661859A4F1}.Debug|x86.ActiveCfg = Debug|x86
		{A0F0A322-5372-4040-9394-EC661859A4F1}.Debug|x86.Build.0 = Debug|x86
		{A0F0A322-5372-4040-9394-EC661859A4F1}.Release|Any CPU.ActiveCfg = Release|Any CPU
		{A0F0A322-5372-4040-9394-EC661859A4F1}.Release|Any CPU.Build.0 = Release|Any CPU
		{A0F0A322-5372-4040-9394-EC661859A4F1}.Release|x86.ActiveCfg = Release|x86
		{A0F0A322-5372-4040-9394-EC661859A4F1}.Release|x86.Build.0 = Release|x86
		{8E8EAABF-FA20-4434-854C-C71515D42278}.Debug|Any CPU.ActiveCfg = Debug|Any CPU
		{8E8EAABF-FA20-4434-854C-C71515D42278}.Debug|Any CPU.Build.0 = Debug|Any CPU
		{8E8EAABF-FA20-4434-854C-C71515D42278}.Debug|x86.ActiveCfg = Debug|x86
		{8E8EAABF-FA20-4434-854C-C71515D42278}.Debug|x86.Build.0 = Debug|x86
		{8E8EAABF-FA20-4434-854C-C71515D42278}.Release|Any CPU.ActiveCfg = Release|x86
		{8E8EAABF-FA20-4434-854C-C71515D42278}.Release|x86.ActiveCfg = Release|x86
		{8E8EAABF-FA20-4434-854C-C71515D42278}.Release|x86.Build.0 = Release|x86
		{A8F0D923-A1EE-41E6-8542-D5103BBDB2E6}.Debug|Any CPU.ActiveCfg = Debug|Any CPU
		{A8F0D923-A1EE-41E6-8542-D5103BBDB2E6}.Debug|Any CPU.Build.0 = Debug|Any CPU
		{A8F0D923-A1EE-41E6-8542-D5103BBDB2E6}.Debug|x86.ActiveCfg = Debug|x86
		{A8F0D923-A1EE-41E6-8542-D5103BBDB2E6}.Debug|x86.Build.0 = Debug|x86
		{A8F0D923-A1EE-41E6-8542-D5103BBDB2E6}.Release|Any CPU.ActiveCfg = Release|x86
		{A8F0D923-A1EE-41E6-8542-D5103BBDB2E6}.Release|x86.ActiveCfg = Release|x86
		{A8F0D923-A1EE-41E6-8542-D5103BBDB2E6}.Release|x86.Build.0 = Release|x86
		{19246D9C-3888-43A8-9435-B33EAB54C5A5}.Debug|Any CPU.ActiveCfg = Debug|Any CPU
		{19246D9C-3888-43A8-9435-B33EAB54C5A5}.Debug|Any CPU.Build.0 = Debug|Any CPU
		{19246D9C-3888-43A8-9435-B33EAB54C5A5}.Debug|x86.ActiveCfg = Debug|x86
		{19246D9C-3888-43A8-9435-B33EAB54C5A5}.Debug|x86.Build.0 = Debug|x86
		{19246D9C-3888-43A8-9435-B33EAB54C5A5}.Release|Any CPU.ActiveCfg = Release|Any CPU
		{19246D9C-3888-43A8-9435-B33EAB54C5A5}.Release|Any CPU.Build.0 = Release|Any CPU
		{19246D9C-3888-43A8-9435-B33EAB54C5A5}.Release|x86.ActiveCfg = Release|x86
		{19246D9C-3888-43A8-9435-B33EAB54C5A5}.Release|x86.Build.0 = Release|x86
		{E9B6BD88-227D-4D20-853B-2E7F8C49358A}.Debug|Any CPU.ActiveCfg = Debug|Any CPU
		{E9B6BD88-227D-4D20-853B-2E7F8C49358A}.Debug|Any CPU.Build.0 = Debug|Any CPU
		{E9B6BD88-227D-4D20-853B-2E7F8C49358A}.Debug|x86.ActiveCfg = Debug|x86
		{E9B6BD88-227D-4D20-853B-2E7F8C49358A}.Debug|x86.Build.0 = Debug|x86
		{E9B6BD88-227D-4D20-853B-2E7F8C49358A}.Release|Any CPU.ActiveCfg = Release|x86
		{E9B6BD88-227D-4D20-853B-2E7F8C49358A}.Release|x86.ActiveCfg = Release|x86
		{E9B6BD88-227D-4D20-853B-2E7F8C49358A}.Release|x86.Build.0 = Release|x86
		{1B645EDA-166A-4FC1-ADCC-FE44644BDD65}.Debug|Any CPU.ActiveCfg = Debug|Any CPU
		{1B645EDA-166A-4FC1-ADCC-FE44644BDD65}.Debug|Any CPU.Build.0 = Debug|Any CPU
		{1B645EDA-166A-4FC1-ADCC-FE44644BDD65}.Debug|x86.ActiveCfg = Debug|Any CPU
		{1B645EDA-166A-4FC1-ADCC-FE44644BDD65}.Release|Any CPU.ActiveCfg = Release|Any CPU
		{1B645EDA-166A-4FC1-ADCC-FE44644BDD65}.Release|Any CPU.Build.0 = Release|Any CPU
		{1B645EDA-166A-4FC1-ADCC-FE44644BDD65}.Release|x86.ActiveCfg = Release|Any CPU
		{9D86A9CB-949F-45DA-8956-B59A480175BA}.Debug|Any CPU.ActiveCfg = Debug|Any CPU
		{9D86A9CB-949F-45DA-8956-B59A480175BA}.Debug|Any CPU.Build.0 = Debug|Any CPU
		{9D86A9CB-949F-45DA-8956-B59A480175BA}.Debug|x86.ActiveCfg = Debug|x86
		{9D86A9CB-949F-45DA-8956-B59A480175BA}.Debug|x86.Build.0 = Debug|x86
		{9D86A9CB-949F-45DA-8956-B59A480175BA}.Release|Any CPU.ActiveCfg = Release|x86
		{9D86A9CB-949F-45DA-8956-B59A480175BA}.Release|x86.ActiveCfg = Release|x86
		{9D86A9CB-949F-45DA-8956-B59A480175BA}.Release|x86.Build.0 = Release|x86
		{9CD54E65-2E6A-4620-BDDA-01C11E10C757}.Debug|Any CPU.ActiveCfg = Debug|Any CPU
		{9CD54E65-2E6A-4620-BDDA-01C11E10C757}.Debug|Any CPU.Build.0 = Debug|Any CPU
		{9CD54E65-2E6A-4620-BDDA-01C11E10C757}.Debug|x86.ActiveCfg = Debug|Any CPU
		{9CD54E65-2E6A-4620-BDDA-01C11E10C757}.Release|Any CPU.ActiveCfg = Release|Any CPU
		{9CD54E65-2E6A-4620-BDDA-01C11E10C757}.Release|Any CPU.Build.0 = Release|Any CPU
		{9CD54E65-2E6A-4620-BDDA-01C11E10C757}.Release|x86.ActiveCfg = Release|Any CPU
		{9625EB34-FEDD-410D-975E-2A25A210E435}.Debug|Any CPU.ActiveCfg = Debug|Any CPU
		{9625EB34-FEDD-410D-975E-2A25A210E435}.Debug|Any CPU.Build.0 = Debug|Any CPU
		{9625EB34-FEDD-410D-975E-2A25A210E435}.Debug|x86.ActiveCfg = Debug|x86
		{9625EB34-FEDD-410D-975E-2A25A210E435}.Debug|x86.Build.0 = Debug|x86
		{9625EB34-FEDD-410D-975E-2A25A210E435}.Release|Any CPU.ActiveCfg = Release|x86
		{9625EB34-FEDD-410D-975E-2A25A210E435}.Release|x86.ActiveCfg = Release|x86
		{9625EB34-FEDD-410D-975E-2A25A210E435}.Release|x86.Build.0 = Release|x86
		{51AFE99E-2BCB-40F5-821F-AAA88654C8DB}.Debug|Any CPU.ActiveCfg = Debug|Any CPU
		{51AFE99E-2BCB-40F5-821F-AAA88654C8DB}.Debug|Any CPU.Build.0 = Debug|Any CPU
		{51AFE99E-2BCB-40F5-821F-AAA88654C8DB}.Debug|x86.ActiveCfg = Debug|Any CPU
		{51AFE99E-2BCB-40F5-821F-AAA88654C8DB}.Release|Any CPU.ActiveCfg = Release|Any CPU
		{51AFE99E-2BCB-40F5-821F-AAA88654C8DB}.Release|Any CPU.Build.0 = Release|Any CPU
		{51AFE99E-2BCB-40F5-821F-AAA88654C8DB}.Release|x86.ActiveCfg = Release|Any CPU
		{2543F69A-F501-4A25-8644-A46C7C352678}.Debug|Any CPU.ActiveCfg = Debug|Any CPU
		{2543F69A-F501-4A25-8644-A46C7C352678}.Debug|Any CPU.Build.0 = Debug|Any CPU
		{2543F69A-F501-4A25-8644-A46C7C352678}.Debug|x86.ActiveCfg = Debug|Any CPU
		{2543F69A-F501-4A25-8644-A46C7C352678}.Release|Any CPU.ActiveCfg = Release|Any CPU
		{2543F69A-F501-4A25-8644-A46C7C352678}.Release|Any CPU.Build.0 = Release|Any CPU
		{2543F69A-F501-4A25-8644-A46C7C352678}.Release|x86.ActiveCfg = Release|Any CPU
		{C24888C3-125A-4CE8-841E-90EB2CA1D67E}.Debug|Any CPU.ActiveCfg = Debug|Any CPU
		{C24888C3-125A-4CE8-841E-90EB2CA1D67E}.Debug|Any CPU.Build.0 = Debug|Any CPU
		{C24888C3-125A-4CE8-841E-90EB2CA1D67E}.Debug|x86.ActiveCfg = Debug|Any CPU
		{C24888C3-125A-4CE8-841E-90EB2CA1D67E}.Release|Any CPU.ActiveCfg = Release|Any CPU
		{C24888C3-125A-4CE8-841E-90EB2CA1D67E}.Release|Any CPU.Build.0 = Release|Any CPU
		{C24888C3-125A-4CE8-841E-90EB2CA1D67E}.Release|x86.ActiveCfg = Release|Any CPU
		{7D6A46F0-8432-4851-8F98-18A058F50069}.Debug|Any CPU.ActiveCfg = Debug|Any CPU
		{7D6A46F0-8432-4851-8F98-18A058F50069}.Debug|Any CPU.Build.0 = Debug|Any CPU
		{7D6A46F0-8432-4851-8F98-18A058F50069}.Debug|x86.ActiveCfg = Debug|Any CPU
		{7D6A46F0-8432-4851-8F98-18A058F50069}.Release|Any CPU.ActiveCfg = Release|Any CPU
		{7D6A46F0-8432-4851-8F98-18A058F50069}.Release|Any CPU.Build.0 = Release|Any CPU
		{7D6A46F0-8432-4851-8F98-18A058F50069}.Release|x86.ActiveCfg = Release|Any CPU
	EndGlobalSection
	GlobalSection(SolutionProperties) = preSolution
		HideSolutionNode = FALSE
	EndGlobalSection
	GlobalSection(NestedProjects) = preSolution
		{04F2F2F1-9334-4588-9256-B1EBA8358EE2} = {8D15E01C-CA52-41E3-B87B-6BBEF1B86D86}
		{10CA343F-05DA-4FD4-9D53-CE483EFB9A97} = {8D15E01C-CA52-41E3-B87B-6BBEF1B86D86}
		{9CD54E65-2E6A-4620-BDDA-01C11E10C757} = {ECAE8670-4D1E-4093-9FDC-379EF19AF35F}
		{9625EB34-FEDD-410D-975E-2A25A210E435} = {ECAE8670-4D1E-4093-9FDC-379EF19AF35F}
		{C24888C3-125A-4CE8-841E-90EB2CA1D67E} = {ECAE8670-4D1E-4093-9FDC-379EF19AF35F}
		{A0F0A322-5372-4040-9394-EC661859A4F1} = {B26418C8-4671-4D6D-B0FE-14DF486916E3}
		{19246D9C-3888-43A8-9435-B33EAB54C5A5} = {04F2F2F1-9334-4588-9256-B1EBA8358EE2}
		{51AFE99E-2BCB-40F5-821F-AAA88654C8DB} = {04F2F2F1-9334-4588-9256-B1EBA8358EE2}
		{E9B6BD88-227D-4D20-853B-2E7F8C49358A} = {04F2F2F1-9334-4588-9256-B1EBA8358EE2}
		{2543F69A-F501-4A25-8644-A46C7C352678} = {04F2F2F1-9334-4588-9256-B1EBA8358EE2}
		{8E8EAABF-FA20-4434-854C-C71515D42278} = {04F2F2F1-9334-4588-9256-B1EBA8358EE2}
		{A8F0D923-A1EE-41E6-8542-D5103BBDB2E6} = {622BDE6B-CC06-4773-9884-12A8FB1A701E}
		{1B645EDA-166A-4FC1-ADCC-FE44644BDD65} = {10CA343F-05DA-4FD4-9D53-CE483EFB9A97}
		{9D86A9CB-949F-45DA-8956-B59A480175BA} = {10CA343F-05DA-4FD4-9D53-CE483EFB9A97}
		{7D6A46F0-8432-4851-8F98-18A058F50069} = {3E6C77CF-87F9-4F23-A658-C84BF68A4669}
	EndGlobalSection
EndGlobal
