
Microsoft Visual Studio Solution File, Format Version 11.00
# Visual Studio 2010
Project("{2150E333-8FDC-42A3-9474-1A3956D46DE8}") = "Beagle", "Beagle", "{8D15E01C-CA52-41E3-B87B-6BBEF1B86D86}"
EndProject
Project("{2150E333-8FDC-42A3-9474-1A3956D46DE8}") = "DriverStation", "DriverStation", "{ECAE8670-4D1E-4093-9FDC-379EF19AF35F}"
EndProject
Project("{FAE04EC0-301F-11D3-BF4B-00C04F79EFBC}") = "EHaskins.Utilities", "DriversStation\EHaskins.Utilities\EHaskins.Utilities.csproj", "{A0F0A322-5372-4040-9394-EC661859A4F1}"
EndProject
Project("{FAE04EC0-301F-11D3-BF4B-00C04F79EFBC}") = "EHaskins.Next.RobotConfiguratorCli", "DriversStation\EHaskins.Next.RobotConfiguratorCli\EHaskins.Next.RobotConfiguratorCli.csproj", "{A11BAAEF-2A29-44D3-AB4A-077CF6A200A1}"
EndProject
Project("{FAE04EC0-301F-11D3-BF4B-00C04F79EFBC}") = "EHaskins.FRC.RobotEmulator", "DriversStation\EHaskins.FRC.RobotEmulator\EHaskins.FRC.RobotEmulator.csproj", "{511555F1-995E-43BD-8C9F-E4C81279DCE7}"
EndProject
Project("{FAE04EC0-301F-11D3-BF4B-00C04F79EFBC}") = "EHaskins.Frc.LapBot", "DriversStation\EHaskins.Frc.LapBot\EHaskins.Frc.LapBot.csproj", "{E644737C-37E9-4653-B54A-CC14A8B613C5}"
EndProject
Project("{FAE04EC0-301F-11D3-BF4B-00C04F79EFBC}") = "EHaskins.Frc.DriverStationCli", "DriversStation\EHaskins.Frc.DriverStationCli\EHaskins.Frc.DriverStationCli.csproj", "{4CB395B8-F3BE-4138-B8C3-5A4DF4372964}"
EndProject
Project("{FAE04EC0-301F-11D3-BF4B-00C04F79EFBC}") = "EHaskins.Frc.DSApp", "DriversStation\EHaskins.Frc.DriverStation\EHaskins.Frc.DSApp.csproj", "{0E74977B-481C-4A10-8DC7-2D3D12B9D408}"
EndProject
Project("{FAE04EC0-301F-11D3-BF4B-00C04F79EFBC}") = "EHaskins.Frc.Communication.Shared", "DriversStation\EHaskins.Frc.Communication.Shared\EHaskins.Frc.Communication.Shared.csproj", "{2EC93CB5-6694-4B03-8DCF-BEB31720F2AF}"
EndProject
Project("{F184B08F-C81C-45F6-A57F-5ABD9991F28F}") = "EHaskins.Frc.Communication.SaveState", "DriversStation\EHaskins.Frc.Communication.SaveState\EHaskins.Frc.Communication.SaveState.vbproj", "{C292D979-B546-4CB7-B436-95A63440945F}"
EndProject
Project("{FAE04EC0-301F-11D3-BF4B-00C04F79EFBC}") = "EHaskins.Frc.Communication.RobotConfig", "DriversStation\EHaskins.Frc.Communication.RobotConfig\EHaskins.Frc.Communication.RobotConfig.csproj", "{A6995CC8-EF11-4751-8411-D02EB794B7C6}"
EndProject
Project("{FAE04EC0-301F-11D3-BF4B-00C04F79EFBC}") = "EHaskins.Frc.Communication.Robot", "DriversStation\EHaskins.Frc.Communication.Robot\EHaskins.Frc.Communication.Robot.csproj", "{058334F9-9156-4FFF-858E-3FDB24648368}"
EndProject
Project("{FAE04EC0-301F-11D3-BF4B-00C04F79EFBC}") = "EHaskins.Frc.Communication.Recording", "DriversStation\EHaskins.Frc.Communication.Recording\EHaskins.Frc.Communication.Recording.csproj", "{3ED848C7-C472-45C7-A402-9580D83B8109}"
EndProject
Project("{FAE04EC0-301F-11D3-BF4B-00C04F79EFBC}") = "EHaskins.Frc.Communication.DriverStation", "DriversStation\EHaskins.Frc.Communication.DriverStation\EHaskins.Frc.Communication.DriverStation.csproj", "{1A9DD489-905A-4CED-BA17-CAFACD36604F}"
EndProject
Project("{FAE04EC0-301F-11D3-BF4B-00C04F79EFBC}") = "Scoe.Beagle.ArduinoBridge", "Scoe.Beagle.ArduinoBridge\Scoe.Beagle.ArduinoBridge.csproj", "{C90990E3-E34F-496D-A700-44EED9F289F3}"
EndProject
Project("{FAE04EC0-301F-11D3-BF4B-00C04F79EFBC}") = "Scoe.Beagle.Shared", "Scoe.Beagle.Shared\Scoe.Beagle.Shared.csproj", "{B5488093-0DFD-4E39-A809-72233A5AB0B5}"
EndProject
Project("{FAE04EC0-301F-11D3-BF4B-00C04F79EFBC}") = "Scoe.Beagle.MecanumDemoBot", "Scoe.Beagle.MecanumDemoBot\Scoe.Beagle.MecanumDemoBot.csproj", "{832823BF-9443-4995-8867-6EB31481DD23}"
EndProject
Project("{2150E333-8FDC-42A3-9474-1A3956D46DE8}") = "Shared", "Shared", "{7335767E-0996-4948-A45A-CB77D81A9023}"
EndProject
Global
	GlobalSection(SolutionConfigurationPlatforms) = preSolution
		Debug|Any CPU = Debug|Any CPU
		Debug|x86 = Debug|x86
		Release|Any CPU = Release|Any CPU
		Release|x86 = Release|x86
	EndGlobalSection
	GlobalSection(ProjectConfigurationPlatforms) = postSolution
		{A0F0A322-5372-4040-9394-EC661859A4F1}.Debug|Any CPU.ActiveCfg = Debug|Any CPU
		{A0F0A322-5372-4040-9394-EC661859A4F1}.Debug|Any CPU.Build.0 = Debug|Any CPU
		{A0F0A322-5372-4040-9394-EC661859A4F1}.Debug|x86.ActiveCfg = Debug|x86
		{A0F0A322-5372-4040-9394-EC661859A4F1}.Debug|x86.Build.0 = Debug|x86
		{A0F0A322-5372-4040-9394-EC661859A4F1}.Release|Any CPU.ActiveCfg = Release|Any CPU
		{A0F0A322-5372-4040-9394-EC661859A4F1}.Release|Any CPU.Build.0 = Release|Any CPU
		{A0F0A322-5372-4040-9394-EC661859A4F1}.Release|x86.ActiveCfg = Release|x86
		{A0F0A322-5372-4040-9394-EC661859A4F1}.Release|x86.Build.0 = Release|x86
		{A11BAAEF-2A29-44D3-AB4A-077CF6A200A1}.Debug|Any CPU.ActiveCfg = Debug|Any CPU
		{A11BAAEF-2A29-44D3-AB4A-077CF6A200A1}.Debug|Any CPU.Build.0 = Debug|Any CPU
		{A11BAAEF-2A29-44D3-AB4A-077CF6A200A1}.Debug|x86.ActiveCfg = Debug|x86
		{A11BAAEF-2A29-44D3-AB4A-077CF6A200A1}.Debug|x86.Build.0 = Debug|x86
		{A11BAAEF-2A29-44D3-AB4A-077CF6A200A1}.Release|Any CPU.ActiveCfg = Release|Any CPU
		{A11BAAEF-2A29-44D3-AB4A-077CF6A200A1}.Release|Any CPU.Build.0 = Release|Any CPU
		{A11BAAEF-2A29-44D3-AB4A-077CF6A200A1}.Release|x86.ActiveCfg = Release|x86
		{A11BAAEF-2A29-44D3-AB4A-077CF6A200A1}.Release|x86.Build.0 = Release|x86
		{511555F1-995E-43BD-8C9F-E4C81279DCE7}.Debug|Any CPU.ActiveCfg = Debug|Any CPU
		{511555F1-995E-43BD-8C9F-E4C81279DCE7}.Debug|Any CPU.Build.0 = Debug|Any CPU
		{511555F1-995E-43BD-8C9F-E4C81279DCE7}.Debug|x86.ActiveCfg = Debug|x86
		{511555F1-995E-43BD-8C9F-E4C81279DCE7}.Debug|x86.Build.0 = Debug|x86
		{511555F1-995E-43BD-8C9F-E4C81279DCE7}.Release|Any CPU.ActiveCfg = Release|Any CPU
		{511555F1-995E-43BD-8C9F-E4C81279DCE7}.Release|Any CPU.Build.0 = Release|Any CPU
		{511555F1-995E-43BD-8C9F-E4C81279DCE7}.Release|x86.ActiveCfg = Release|x86
		{511555F1-995E-43BD-8C9F-E4C81279DCE7}.Release|x86.Build.0 = Release|x86
		{E644737C-37E9-4653-B54A-CC14A8B613C5}.Debug|Any CPU.ActiveCfg = Debug|Any CPU
		{E644737C-37E9-4653-B54A-CC14A8B613C5}.Debug|Any CPU.Build.0 = Debug|Any CPU
		{E644737C-37E9-4653-B54A-CC14A8B613C5}.Debug|x86.ActiveCfg = Debug|x86
		{E644737C-37E9-4653-B54A-CC14A8B613C5}.Debug|x86.Build.0 = Debug|x86
		{E644737C-37E9-4653-B54A-CC14A8B613C5}.Release|Any CPU.ActiveCfg = Release|Any CPU
		{E644737C-37E9-4653-B54A-CC14A8B613C5}.Release|Any CPU.Build.0 = Release|Any CPU
		{E644737C-37E9-4653-B54A-CC14A8B613C5}.Release|x86.ActiveCfg = Release|x86
		{E644737C-37E9-4653-B54A-CC14A8B613C5}.Release|x86.Build.0 = Release|x86
		{4CB395B8-F3BE-4138-B8C3-5A4DF4372964}.Debug|Any CPU.ActiveCfg = Debug|Any CPU
		{4CB395B8-F3BE-4138-B8C3-5A4DF4372964}.Debug|Any CPU.Build.0 = Debug|Any CPU
		{4CB395B8-F3BE-4138-B8C3-5A4DF4372964}.Debug|x86.ActiveCfg = Debug|x86
		{4CB395B8-F3BE-4138-B8C3-5A4DF4372964}.Debug|x86.Build.0 = Debug|x86
		{4CB395B8-F3BE-4138-B8C3-5A4DF4372964}.Release|Any CPU.ActiveCfg = Release|Any CPU
		{4CB395B8-F3BE-4138-B8C3-5A4DF4372964}.Release|Any CPU.Build.0 = Release|Any CPU
		{4CB395B8-F3BE-4138-B8C3-5A4DF4372964}.Release|x86.ActiveCfg = Release|x86
		{4CB395B8-F3BE-4138-B8C3-5A4DF4372964}.Release|x86.Build.0 = Release|x86
		{0E74977B-481C-4A10-8DC7-2D3D12B9D408}.Debug|Any CPU.ActiveCfg = Debug|Any CPU
		{0E74977B-481C-4A10-8DC7-2D3D12B9D408}.Debug|Any CPU.Build.0 = Debug|Any CPU
		{0E74977B-481C-4A10-8DC7-2D3D12B9D408}.Debug|x86.ActiveCfg = Debug|x86
		{0E74977B-481C-4A10-8DC7-2D3D12B9D408}.Debug|x86.Build.0 = Debug|x86
		{0E74977B-481C-4A10-8DC7-2D3D12B9D408}.Release|Any CPU.ActiveCfg = Release|Any CPU
		{0E74977B-481C-4A10-8DC7-2D3D12B9D408}.Release|Any CPU.Build.0 = Release|Any CPU
		{0E74977B-481C-4A10-8DC7-2D3D12B9D408}.Release|x86.ActiveCfg = Release|x86
		{0E74977B-481C-4A10-8DC7-2D3D12B9D408}.Release|x86.Build.0 = Release|x86
		{2EC93CB5-6694-4B03-8DCF-BEB31720F2AF}.Debug|Any CPU.ActiveCfg = Debug|Any CPU
		{2EC93CB5-6694-4B03-8DCF-BEB31720F2AF}.Debug|Any CPU.Build.0 = Debug|Any CPU
		{2EC93CB5-6694-4B03-8DCF-BEB31720F2AF}.Debug|x86.ActiveCfg = Debug|x86
		{2EC93CB5-6694-4B03-8DCF-BEB31720F2AF}.Debug|x86.Build.0 = Debug|x86
		{2EC93CB5-6694-4B03-8DCF-BEB31720F2AF}.Release|Any CPU.ActiveCfg = Release|Any CPU
		{2EC93CB5-6694-4B03-8DCF-BEB31720F2AF}.Release|Any CPU.Build.0 = Release|Any CPU
		{2EC93CB5-6694-4B03-8DCF-BEB31720F2AF}.Release|x86.ActiveCfg = Release|x86
		{2EC93CB5-6694-4B03-8DCF-BEB31720F2AF}.Release|x86.Build.0 = Release|x86
		{C292D979-B546-4CB7-B436-95A63440945F}.Debug|Any CPU.ActiveCfg = Debug|Any CPU
		{C292D979-B546-4CB7-B436-95A63440945F}.Debug|Any CPU.Build.0 = Debug|Any CPU
		{C292D979-B546-4CB7-B436-95A63440945F}.Debug|x86.ActiveCfg = Debug|x86
		{C292D979-B546-4CB7-B436-95A63440945F}.Debug|x86.Build.0 = Debug|x86
		{C292D979-B546-4CB7-B436-95A63440945F}.Release|Any CPU.ActiveCfg = Release|Any CPU
		{C292D979-B546-4CB7-B436-95A63440945F}.Release|Any CPU.Build.0 = Release|Any CPU
		{C292D979-B546-4CB7-B436-95A63440945F}.Release|x86.ActiveCfg = Release|x86
		{C292D979-B546-4CB7-B436-95A63440945F}.Release|x86.Build.0 = Release|x86
		{A6995CC8-EF11-4751-8411-D02EB794B7C6}.Debug|Any CPU.ActiveCfg = Debug|Any CPU
		{A6995CC8-EF11-4751-8411-D02EB794B7C6}.Debug|Any CPU.Build.0 = Debug|Any CPU
		{A6995CC8-EF11-4751-8411-D02EB794B7C6}.Debug|x86.ActiveCfg = Debug|x86
		{A6995CC8-EF11-4751-8411-D02EB794B7C6}.Debug|x86.Build.0 = Debug|x86
		{A6995CC8-EF11-4751-8411-D02EB794B7C6}.Release|Any CPU.ActiveCfg = Release|Any CPU
		{A6995CC8-EF11-4751-8411-D02EB794B7C6}.Release|Any CPU.Build.0 = Release|Any CPU
		{A6995CC8-EF11-4751-8411-D02EB794B7C6}.Release|x86.ActiveCfg = Release|x86
		{A6995CC8-EF11-4751-8411-D02EB794B7C6}.Release|x86.Build.0 = Release|x86
		{058334F9-9156-4FFF-858E-3FDB24648368}.Debug|Any CPU.ActiveCfg = Debug|Any CPU
		{058334F9-9156-4FFF-858E-3FDB24648368}.Debug|Any CPU.Build.0 = Debug|Any CPU
		{058334F9-9156-4FFF-858E-3FDB24648368}.Debug|x86.ActiveCfg = Debug|x86
		{058334F9-9156-4FFF-858E-3FDB24648368}.Debug|x86.Build.0 = Debug|x86
		{058334F9-9156-4FFF-858E-3FDB24648368}.Release|Any CPU.ActiveCfg = Release|Any CPU
		{058334F9-9156-4FFF-858E-3FDB24648368}.Release|Any CPU.Build.0 = Release|Any CPU
		{058334F9-9156-4FFF-858E-3FDB24648368}.Release|x86.ActiveCfg = Release|x86
		{058334F9-9156-4FFF-858E-3FDB24648368}.Release|x86.Build.0 = Release|x86
		{3ED848C7-C472-45C7-A402-9580D83B8109}.Debug|Any CPU.ActiveCfg = Debug|Any CPU
		{3ED848C7-C472-45C7-A402-9580D83B8109}.Debug|Any CPU.Build.0 = Debug|Any CPU
		{3ED848C7-C472-45C7-A402-9580D83B8109}.Debug|x86.ActiveCfg = Debug|x86
		{3ED848C7-C472-45C7-A402-9580D83B8109}.Debug|x86.Build.0 = Debug|x86
		{3ED848C7-C472-45C7-A402-9580D83B8109}.Release|Any CPU.ActiveCfg = Release|Any CPU
		{3ED848C7-C472-45C7-A402-9580D83B8109}.Release|Any CPU.Build.0 = Release|Any CPU
		{3ED848C7-C472-45C7-A402-9580D83B8109}.Release|x86.ActiveCfg = Release|x86
		{3ED848C7-C472-45C7-A402-9580D83B8109}.Release|x86.Build.0 = Release|x86
		{1A9DD489-905A-4CED-BA17-CAFACD36604F}.Debug|Any CPU.ActiveCfg = Debug|Any CPU
		{1A9DD489-905A-4CED-BA17-CAFACD36604F}.Debug|Any CPU.Build.0 = Debug|Any CPU
		{1A9DD489-905A-4CED-BA17-CAFACD36604F}.Debug|x86.ActiveCfg = Debug|x86
		{1A9DD489-905A-4CED-BA17-CAFACD36604F}.Debug|x86.Build.0 = Debug|x86
		{1A9DD489-905A-4CED-BA17-CAFACD36604F}.Release|Any CPU.ActiveCfg = Release|Any CPU
		{1A9DD489-905A-4CED-BA17-CAFACD36604F}.Release|Any CPU.Build.0 = Release|Any CPU
		{1A9DD489-905A-4CED-BA17-CAFACD36604F}.Release|x86.ActiveCfg = Release|x86
		{1A9DD489-905A-4CED-BA17-CAFACD36604F}.Release|x86.Build.0 = Release|x86
		{C90990E3-E34F-496D-A700-44EED9F289F3}.Debug|Any CPU.ActiveCfg = Debug|Any CPU
		{C90990E3-E34F-496D-A700-44EED9F289F3}.Debug|Any CPU.Build.0 = Debug|Any CPU
		{C90990E3-E34F-496D-A700-44EED9F289F3}.Debug|x86.ActiveCfg = Debug|x86
		{C90990E3-E34F-496D-A700-44EED9F289F3}.Debug|x86.Build.0 = Debug|x86
		{C90990E3-E34F-496D-A700-44EED9F289F3}.Release|Any CPU.ActiveCfg = Release|Any CPU
		{C90990E3-E34F-496D-A700-44EED9F289F3}.Release|Any CPU.Build.0 = Release|Any CPU
		{C90990E3-E34F-496D-A700-44EED9F289F3}.Release|x86.ActiveCfg = Release|x86
		{C90990E3-E34F-496D-A700-44EED9F289F3}.Release|x86.Build.0 = Release|x86
		{B5488093-0DFD-4E39-A809-72233A5AB0B5}.Debug|Any CPU.ActiveCfg = Debug|Any CPU
		{B5488093-0DFD-4E39-A809-72233A5AB0B5}.Debug|Any CPU.Build.0 = Debug|Any CPU
		{B5488093-0DFD-4E39-A809-72233A5AB0B5}.Debug|x86.ActiveCfg = Debug|x86
		{B5488093-0DFD-4E39-A809-72233A5AB0B5}.Debug|x86.Build.0 = Debug|x86
		{B5488093-0DFD-4E39-A809-72233A5AB0B5}.Release|Any CPU.ActiveCfg = Release|Any CPU
		{B5488093-0DFD-4E39-A809-72233A5AB0B5}.Release|Any CPU.Build.0 = Release|Any CPU
		{B5488093-0DFD-4E39-A809-72233A5AB0B5}.Release|x86.ActiveCfg = Release|x86
		{B5488093-0DFD-4E39-A809-72233A5AB0B5}.Release|x86.Build.0 = Release|x86
		{832823BF-9443-4995-8867-6EB31481DD23}.Debug|Any CPU.ActiveCfg = Debug|Any CPU
		{832823BF-9443-4995-8867-6EB31481DD23}.Debug|Any CPU.Build.0 = Debug|Any CPU
		{832823BF-9443-4995-8867-6EB31481DD23}.Debug|x86.ActiveCfg = Debug|x86
		{832823BF-9443-4995-8867-6EB31481DD23}.Debug|x86.Build.0 = Debug|x86
		{832823BF-9443-4995-8867-6EB31481DD23}.Release|Any CPU.ActiveCfg = Release|Any CPU
		{832823BF-9443-4995-8867-6EB31481DD23}.Release|Any CPU.Build.0 = Release|Any CPU
		{832823BF-9443-4995-8867-6EB31481DD23}.Release|x86.ActiveCfg = Release|x86
		{832823BF-9443-4995-8867-6EB31481DD23}.Release|x86.Build.0 = Release|x86
	EndGlobalSection
	GlobalSection(SolutionProperties) = preSolution
		HideSolutionNode = FALSE
	EndGlobalSection
	GlobalSection(NestedProjects) = preSolution
		{058334F9-9156-4FFF-858E-3FDB24648368} = {8D15E01C-CA52-41E3-B87B-6BBEF1B86D86}
		{C90990E3-E34F-496D-A700-44EED9F289F3} = {8D15E01C-CA52-41E3-B87B-6BBEF1B86D86}
		{B5488093-0DFD-4E39-A809-72233A5AB0B5} = {8D15E01C-CA52-41E3-B87B-6BBEF1B86D86}
		{832823BF-9443-4995-8867-6EB31481DD23} = {8D15E01C-CA52-41E3-B87B-6BBEF1B86D86}
		{A11BAAEF-2A29-44D3-AB4A-077CF6A200A1} = {ECAE8670-4D1E-4093-9FDC-379EF19AF35F}
		{511555F1-995E-43BD-8C9F-E4C81279DCE7} = {ECAE8670-4D1E-4093-9FDC-379EF19AF35F}
		{E644737C-37E9-4653-B54A-CC14A8B613C5} = {ECAE8670-4D1E-4093-9FDC-379EF19AF35F}
		{4CB395B8-F3BE-4138-B8C3-5A4DF4372964} = {ECAE8670-4D1E-4093-9FDC-379EF19AF35F}
		{0E74977B-481C-4A10-8DC7-2D3D12B9D408} = {ECAE8670-4D1E-4093-9FDC-379EF19AF35F}
		{C292D979-B546-4CB7-B436-95A63440945F} = {ECAE8670-4D1E-4093-9FDC-379EF19AF35F}
		{A6995CC8-EF11-4751-8411-D02EB794B7C6} = {ECAE8670-4D1E-4093-9FDC-379EF19AF35F}
		{3ED848C7-C472-45C7-A402-9580D83B8109} = {ECAE8670-4D1E-4093-9FDC-379EF19AF35F}
		{1A9DD489-905A-4CED-BA17-CAFACD36604F} = {ECAE8670-4D1E-4093-9FDC-379EF19AF35F}
		{2EC93CB5-6694-4B03-8DCF-BEB31720F2AF} = {7335767E-0996-4948-A45A-CB77D81A9023}
		{A0F0A322-5372-4040-9394-EC661859A4F1} = {7335767E-0996-4948-A45A-CB77D81A9023}
	EndGlobalSection
EndGlobal
